
Microsoft Visual Studio Solution File, Format Version 12.00
# Visual Studio Version 16
VisualStudioVersion = 16.0.28803.202
MinimumVisualStudioVersion = 10.0.40219.1
Project("{FAE04EC0-301F-11D3-BF4B-00C04F79EFBC}") = "Pr_1", "Pr_1\Pr_1.csproj", "{0232E2FE-BDFC-4D57-8B61-7522F531774E}"
EndProject
Global
	GlobalSection(SolutionConfigurationPlatforms) = preSolution
		Debug|Any CPU = Debug|Any CPU
		Release|Any CPU = Release|Any CPU
	EndGlobalSection
	GlobalSection(ProjectConfigurationPlatforms) = postSolution
		{0232E2FE-BDFC-4D57-8B61-7522F531774E}.Debug|Any CPU.ActiveCfg = Debug|Any CPU
		{0232E2FE-BDFC-4D57-8B61-7522F531774E}.Debug|Any CPU.Build.0 = Debug|Any CPU
		{0232E2FE-BDFC-4D57-8B61-7522F531774E}.Release|Any CPU.ActiveCfg = Release|Any CPU
		{0232E2FE-BDFC-4D57-8B61-7522F531774E}.Release|Any CPU.Build.0 = Release|Any CPU
	EndGlobalSection
	GlobalSection(SolutionProperties) = preSolution
		HideSolutionNode = FALSE
	EndGlobalSection
	GlobalSection(ExtensibilityGlobals) = postSolution
		SolutionGuid = {F7620FCB-0545-4791-A1A3-252A9AB01AF9}
	EndGlobalSection
EndGlobal
